{
  "requires": true,
  "lockfileVersion": 1,
  "dependencies": {
    "inline-scripts": {
      "version": "1.5.0",
      "resolved": "https://registry.npmjs.org/inline-scripts/-/inline-scripts-1.5.0.tgz",
      "integrity": "sha512-GrYGnA+AEavz3cMeU4daCcm8tl5EA7zvAA08M/ajTxmsZgwxyz1AjPR/diku/LkkWvITj1mQZMryga3gNR0n3w=="
    }
  }
}
